<?xml version="1.0" encoding="utf-8"?>
<Project ToolsVersion="4.0" xmlns="http://schemas.microsoft.com/developer/msbuild/2003">
  <ItemGroup>
    <Filter Include="lbvh">
      <UniqueIdentifier>{af0cf76c-b186-4a16-89dc-8f4bc6224396}</UniqueIdentifier>
    </Filter>
  </ItemGroup>
  <ItemGroup>
    <ClInclude Include="lbvh\aabb.cuh">
      <Filter>lbvh</Filter>
    </ClInclude>
    <ClInclude Include="lbvh\bvh.cuh">
      <Filter>lbvh</Filter>
    </ClInclude>
    <ClInclude Include="lbvh\morton_code.cuh">
      <Filter>lbvh</Filter>
    </ClInclude>
    <ClInclude Include="lbvh\predicator.cuh">
      <Filter>lbvh</Filter>
    </ClInclude>
    <ClInclude Include="lbvh\query.cuh">
      <Filter>lbvh</Filter>
    </ClInclude>
    <ClInclude Include="lbvh\utility.cuh">
      <Filter>lbvh</Filter>
    </ClInclude>
    <ClInclude Include="..\Includes\gmcDefines.h" />
  </ItemGroup>
</Project>