<?xml version="1.0" encoding="utf-8"?>
<Project ToolsVersion="4.0" xmlns="http://schemas.microsoft.com/developer/msbuild/2003">
  <ItemGroup>
    <Filter Include="public">
      <UniqueIdentifier>{e24f686e-4406-4018-a83b-3c2c242a0c03}</UniqueIdentifier>
    </Filter>
    <Filter Include="private">
      <UniqueIdentifier>{7d07260b-704a-438a-a2f9-b5809480f75f}</UniqueIdentifier>
    </Filter>
  </ItemGroup>
  <ItemGroup>
    <ClInclude Include="..\Includes\gmcCuda\gmcCuda.h">
      <Filter>public</Filter>
    </ClInclude>
    <ClInclude Include="includes\lbvh.cuh">
      <Filter>private</Filter>
    </ClInclude>
    <ClInclude Include="includes\gmcCudaIncludes.cuh">
      <Filter>private</Filter>
    </ClInclude>
    <ClInclude Include="includes\cudaHelper.cuh">
      <Filter>private</Filter>
    </ClInclude>
    <ClInclude Include="includes\clusterbuilder.cuh">
      <Filter>private</Filter>
    </ClInclude>
  </ItemGroup>
  <ItemGroup>
    <CudaCompile Include="src\gmcCuda.cu">
      <Filter>private</Filter>
    </CudaCompile>
  </ItemGroup>
  <ItemGroup>
    <ClCompile Include="temp.cpp">
      <Filter>private</Filter>
    </ClCompile>
  </ItemGroup>
</Project>